
Microsoft Visual Studio Solution File, Format Version 12.00
# Visual Studio 15
VisualStudioVersion = 15.0.27130.2036
MinimumVisualStudioVersion = 10.0.40219.1
Project("{FAE04EC0-301F-11D3-BF4B-00C04F79EFBC}") = "CausalityDbg.Core", "CausalityDbg.Core\CausalityDbg.Core.csproj", "{82680D43-F86C-43F2-9748-DEE06B2DB23E}"
EndProject
Project("{FAE04EC0-301F-11D3-BF4B-00C04F79EFBC}") = "CausalityDbg.Main", "CausalityDbg.Main\CausalityDbg.Main.csproj", "{946ED607-1746-4DA7-8203-6A36FB356A0F}"
EndProject
Project("{FAE04EC0-301F-11D3-BF4B-00C04F79EFBC}") = "CausalityDbg.Tests", "CausalityDbg.Tests\CausalityDbg.Tests.csproj", "{294E7A28-D02D-41C4-96E8-BD0A3D3F3489}"
EndProject
Project("{FAE04EC0-301F-11D3-BF4B-00C04F79EFBC}") = "CausalityDbg.IL", "CausalityDbg.IL\CausalityDbg.IL.csproj", "{4CA83BB9-BD59-4361-A972-E9E1E46720CF}"
EndProject
Global
	GlobalSection(SolutionConfigurationPlatforms) = preSolution
		Debug Without Dummy|Any CPU = Debug Without Dummy|Any CPU
		Debug|Any CPU = Debug|Any CPU
		Release|Any CPU = Release|Any CPU
	EndGlobalSection
	GlobalSection(ProjectConfigurationPlatforms) = postSolution
		{82680D43-F86C-43F2-9748-DEE06B2DB23E}.Debug Without Dummy|Any CPU.ActiveCfg = Debug|Any CPU
		{82680D43-F86C-43F2-9748-DEE06B2DB23E}.Debug Without Dummy|Any CPU.Build.0 = Debug|Any CPU
		{82680D43-F86C-43F2-9748-DEE06B2DB23E}.Debug|Any CPU.ActiveCfg = Debug|Any CPU
		{82680D43-F86C-43F2-9748-DEE06B2DB23E}.Debug|Any CPU.Build.0 = Debug|Any CPU
		{82680D43-F86C-43F2-9748-DEE06B2DB23E}.Release|Any CPU.ActiveCfg = Release|Any CPU
		{82680D43-F86C-43F2-9748-DEE06B2DB23E}.Release|Any CPU.Build.0 = Release|Any CPU
		{946ED607-1746-4DA7-8203-6A36FB356A0F}.Debug Without Dummy|Any CPU.ActiveCfg = Debug|Any CPU
		{946ED607-1746-4DA7-8203-6A36FB356A0F}.Debug Without Dummy|Any CPU.Build.0 = Debug|Any CPU
		{946ED607-1746-4DA7-8203-6A36FB356A0F}.Debug|Any CPU.ActiveCfg = Debug|Any CPU
		{946ED607-1746-4DA7-8203-6A36FB356A0F}.Debug|Any CPU.Build.0 = Debug|Any CPU
		{946ED607-1746-4DA7-8203-6A36FB356A0F}.Release|Any CPU.ActiveCfg = Release|Any CPU
		{946ED607-1746-4DA7-8203-6A36FB356A0F}.Release|Any CPU.Build.0 = Release|Any CPU
		{294E7A28-D02D-41C4-96E8-BD0A3D3F3489}.Debug Without Dummy|Any CPU.ActiveCfg = Debug|Any CPU
		{294E7A28-D02D-41C4-96E8-BD0A3D3F3489}.Debug Without Dummy|Any CPU.Build.0 = Debug|Any CPU
		{294E7A28-D02D-41C4-96E8-BD0A3D3F3489}.Debug|Any CPU.ActiveCfg = Debug|Any CPU
		{294E7A28-D02D-41C4-96E8-BD0A3D3F3489}.Debug|Any CPU.Build.0 = Debug|Any CPU
		{294E7A28-D02D-41C4-96E8-BD0A3D3F3489}.Release|Any CPU.ActiveCfg = Release|Any CPU
		{4CA83BB9-BD59-4361-A972-E9E1E46720CF}.Debug Without Dummy|Any CPU.ActiveCfg = Debug|Any CPU
		{4CA83BB9-BD59-4361-A972-E9E1E46720CF}.Debug Without Dummy|Any CPU.Build.0 = Debug|Any CPU
		{4CA83BB9-BD59-4361-A972-E9E1E46720CF}.Debug|Any CPU.ActiveCfg = Debug|Any CPU
		{4CA83BB9-BD59-4361-A972-E9E1E46720CF}.Debug|Any CPU.Build.0 = Debug|Any CPU
		{4CA83BB9-BD59-4361-A972-E9E1E46720CF}.Release|Any CPU.ActiveCfg = Release|Any CPU
		{4CA83BB9-BD59-4361-A972-E9E1E46720CF}.Release|Any CPU.Build.0 = Release|Any CPU
	EndGlobalSection
	GlobalSection(SolutionProperties) = preSolution
		HideSolutionNode = FALSE
	EndGlobalSection
	GlobalSection(ExtensibilityGlobals) = postSolution
		SolutionGuid = {96BA49F8-7A04-4237-80E5-BA87A64BC188}
	EndGlobalSection
EndGlobal
